// !$*UTF8*$!
{
	archiveVersion = 1;
	classes = {
	};
	objectVersion = 46;
	objects = {

/* Begin PBXBuildFile section */
		D655974C1E25F84F005F67E7 /* PlayVideofromfileViewController.swift in Sources */ = {isa = PBXBuildFile; fileRef = D655974B1E25F84F005F67E7 /* PlayVideofromfileViewController.swift */; };
		D655974E1E261B2C005F67E7 /* AgainbofangshipinViewController.swift in Sources */ = {isa = PBXBuildFile; fileRef = D655974D1E261B2C005F67E7 /* AgainbofangshipinViewController.swift */; };
		D655975E1E261C1E005F67E7 /* ZZPlayerView.swift in Sources */ = {isa = PBXBuildFile; fileRef = D655974F1E261C1E005F67E7 /* ZZPlayerView.swift */; };
		D655975F1E261C1E005F67E7 /* LICENSE in Resources */ = {isa = PBXBuildFile; fileRef = D65597501E261C1E005F67E7 /* LICENSE */; };
		D65597601E261C1E005F67E7 /* README.md in Sources */ = {isa = PBXBuildFile; fileRef = D65597511E261C1E005F67E7 /* README.md */; };
		D65597611E261C1E005F67E7 /* Constraint.swift in Sources */ = {isa = PBXBuildFile; fileRef = D65597521E261C1E005F67E7 /* Constraint.swift */; };
		D65597621E261C1E005F67E7 /* ConstraintAttributes.swift in Sources */ = {isa = PBXBuildFile; fileRef = D65597531E261C1E005F67E7 /* ConstraintAttributes.swift */; };
		D65597631E261C1E005F67E7 /* ConstraintDescription.swift in Sources */ = {isa = PBXBuildFile; fileRef = D65597541E261C1E005F67E7 /* ConstraintDescription.swift */; };
		D65597641E261C1E005F67E7 /* ConstraintItem.swift in Sources */ = {isa = PBXBuildFile; fileRef = D65597551E261C1E005F67E7 /* ConstraintItem.swift */; };
		D65597651E261C1E005F67E7 /* ConstraintMaker.swift in Sources */ = {isa = PBXBuildFile; fileRef = D65597561E261C1E005F67E7 /* ConstraintMaker.swift */; };
		D65597661E261C1E005F67E7 /* ConstraintRelation.swift in Sources */ = {isa = PBXBuildFile; fileRef = D65597571E261C1E005F67E7 /* ConstraintRelation.swift */; };
		D65597671E261C1E005F67E7 /* Debugging.swift in Sources */ = {isa = PBXBuildFile; fileRef = D65597581E261C1E005F67E7 /* Debugging.swift */; };
		D65597681E261C1E005F67E7 /* EdgeInsets.swift in Sources */ = {isa = PBXBuildFile; fileRef = D65597591E261C1E005F67E7 /* EdgeInsets.swift */; };
		D65597691E261C1E005F67E7 /* LayoutConstraint.swift in Sources */ = {isa = PBXBuildFile; fileRef = D655975A1E261C1E005F67E7 /* LayoutConstraint.swift */; };
		D655976A1E261C1E005F67E7 /* SnapKit.swift in Sources */ = {isa = PBXBuildFile; fileRef = D655975B1E261C1E005F67E7 /* SnapKit.swift */; };
		D655976B1E261C1E005F67E7 /* View+SnapKit.swift in Sources */ = {isa = PBXBuildFile; fileRef = D655975C1E261C1E005F67E7 /* View+SnapKit.swift */; };
		D655976C1E261C1E005F67E7 /* ViewController+SnapKit.swift in Sources */ = {isa = PBXBuildFile; fileRef = D655975D1E261C1E005F67E7 /* ViewController+SnapKit.swift */; };
		D65597731E261CE6005F67E7 /* MBProgressHUD.m in Sources */ = {isa = PBXBuildFile; fileRef = D65597721E261CE6005F67E7 /* MBProgressHUD.m */; };
		D68D049A1E246025000E186E /* FileVideoTableViewController.swift in Sources */ = {isa = PBXBuildFile; fileRef = D68D04991E246025000E186E /* FileVideoTableViewController.swift */; };
		D6F3BD7F1E23535C0072C369 /* AppDelegate.swift in Sources */ = {isa = PBXBuildFile; fileRef = D6F3BD7E1E23535C0072C369 /* AppDelegate.swift */; };
		D6F3BD811E23535C0072C369 /* ViewController.swift in Sources */ = {isa = PBXBuildFile; fileRef = D6F3BD801E23535C0072C369 /* ViewController.swift */; };
		D6F3BD841E23535D0072C369 /* Main.storyboard in Resources */ = {isa = PBXBuildFile; fileRef = D6F3BD821E23535D0072C369 /* Main.storyboard */; };
		D6F3BD861E23535D0072C369 /* Assets.xcassets in Resources */ = {isa = PBXBuildFile; fileRef = D6F3BD851E23535D0072C369 /* Assets.xcassets */; };
		D6F3BD891E23535D0072C369 /* LaunchScreen.storyboard in Resources */ = {isa = PBXBuildFile; fileRef = D6F3BD871E23535D0072C369 /* LaunchScreen.storyboard */; };
		D6F3BD911E23CD320072C369 /* FIleReadTableViewController.swift in Sources */ = {isa = PBXBuildFile; fileRef = D6F3BD901E23CD320072C369 /* FIleReadTableViewController.swift */; };
/* End PBXBuildFile section */

/* Begin PBXFileReference section */
		D655974B1E25F84F005F67E7 /* PlayVideofromfileViewController.swift */ = {isa = PBXFileReference; fileEncoding = 4; lastKnownFileType = sourcecode.swift; path = PlayVideofromfileViewController.swift; sourceTree = "<group>"; };
		D655974D1E261B2C005F67E7 /* AgainbofangshipinViewController.swift */ = {isa = PBXFileReference; fileEncoding = 4; lastKnownFileType = sourcecode.swift; path = AgainbofangshipinViewController.swift; sourceTree = "<group>"; };
		D655974F1E261C1E005F67E7 /* ZZPlayerView.swift */ = {isa = PBXFileReference; fileEncoding = 4; lastKnownFileType = sourcecode.swift; path = ZZPlayerView.swift; sourceTree = "<group>"; };
		D65597501E261C1E005F67E7 /* LICENSE */ = {isa = PBXFileReference; fileEncoding = 4; lastKnownFileType = text; path = LICENSE; sourceTree = "<group>"; };
		D65597511E261C1E005F67E7 /* README.md */ = {isa = PBXFileReference; fileEncoding = 4; lastKnownFileType = net.daringfireball.markdown; path = README.md; sourceTree = "<group>"; };
		D65597521E261C1E005F67E7 /* Constraint.swift */ = {isa = PBXFileReference; fileEncoding = 4; lastKnownFileType = sourcecode.swift; path = Constraint.swift; sourceTree = "<group>"; };
		D65597531E261C1E005F67E7 /* ConstraintAttributes.swift */ = {isa = PBXFileReference; fileEncoding = 4; lastKnownFileType = sourcecode.swift; path = ConstraintAttributes.swift; sourceTree = "<group>"; };
		D65597541E261C1E005F67E7 /* ConstraintDescription.swift */ = {isa = PBXFileReference; fileEncoding = 4; lastKnownFileType = sourcecode.swift; path = ConstraintDescription.swift; sourceTree = "<group>"; };
		D65597551E261C1E005F67E7 /* ConstraintItem.swift */ = {isa = PBXFileReference; fileEncoding = 4; lastKnownFileType = sourcecode.swift; path = ConstraintItem.swift; sourceTree = "<group>"; };
		D65597561E261C1E005F67E7 /* ConstraintMaker.swift */ = {isa = PBXFileReference; fileEncoding = 4; lastKnownFileType = sourcecode.swift; path = ConstraintMaker.swift; sourceTree = "<group>"; };
		D65597571E261C1E005F67E7 /* ConstraintRelation.swift */ = {isa = PBXFileReference; fileEncoding = 4; lastKnownFileType = sourcecode.swift; path = ConstraintRelation.swift; sourceTree = "<group>"; };
		D65597581E261C1E005F67E7 /* Debugging.swift */ = {isa = PBXFileReference; fileEncoding = 4; lastKnownFileType = sourcecode.swift; path = Debugging.swift; sourceTree = "<group>"; };
		D65597591E261C1E005F67E7 /* EdgeInsets.swift */ = {isa = PBXFileReference; fileEncoding = 4; lastKnownFileType = sourcecode.swift; path = EdgeInsets.swift; sourceTree = "<group>"; };
		D655975A1E261C1E005F67E7 /* LayoutConstraint.swift */ = {isa = PBXFileReference; fileEncoding = 4; lastKnownFileType = sourcecode.swift; path = LayoutConstraint.swift; sourceTree = "<group>"; };
		D655975B1E261C1E005F67E7 /* SnapKit.swift */ = {isa = PBXFileReference; fileEncoding = 4; lastKnownFileType = sourcecode.swift; path = SnapKit.swift; sourceTree = "<group>"; };
		D655975C1E261C1E005F67E7 /* View+SnapKit.swift */ = {isa = PBXFileReference; fileEncoding = 4; lastKnownFileType = sourcecode.swift; path = "View+SnapKit.swift"; sourceTree = "<group>"; };
		D655975D1E261C1E005F67E7 /* ViewController+SnapKit.swift */ = {isa = PBXFileReference; fileEncoding = 4; lastKnownFileType = sourcecode.swift; path = "ViewController+SnapKit.swift"; sourceTree = "<group>"; };
		D65597701E261CE5005F67E7 /* FileReadFromiTunes-Bridging-Header.h */ = {isa = PBXFileReference; lastKnownFileType = sourcecode.c.h; path = "FileReadFromiTunes-Bridging-Header.h"; sourceTree = "<group>"; };
		D65597711E261CE6005F67E7 /* MBProgressHUD.h */ = {isa = PBXFileReference; fileEncoding = 4; lastKnownFileType = sourcecode.c.h; path = MBProgressHUD.h; sourceTree = "<group>"; };
		D65597721E261CE6005F67E7 /* MBProgressHUD.m */ = {isa = PBXFileReference; fileEncoding = 4; lastKnownFileType = sourcecode.c.objc; path = MBProgressHUD.m; sourceTree = "<group>"; };
		D68D04991E246025000E186E /* FileVideoTableViewController.swift */ = {isa = PBXFileReference; fileEncoding = 4; lastKnownFileType = sourcecode.swift; path = FileVideoTableViewController.swift; sourceTree = "<group>"; };
		D6F3BD7B1E23535C0072C369 /* FileReadFromiTunes.app */ = {isa = PBXFileReference; explicitFileType = wrapper.application; includeInIndex = 0; path = FileReadFromiTunes.app; sourceTree = BUILT_PRODUCTS_DIR; };
		D6F3BD7E1E23535C0072C369 /* AppDelegate.swift */ = {isa = PBXFileReference; lastKnownFileType = sourcecode.swift; path = AppDelegate.swift; sourceTree = "<group>"; };
		D6F3BD801E23535C0072C369 /* ViewController.swift */ = {isa = PBXFileReference; lastKnownFileType = sourcecode.swift; path = ViewController.swift; sourceTree = "<group>"; };
		D6F3BD831E23535D0072C369 /* Base */ = {isa = PBXFileReference; lastKnownFileType = file.storyboard; name = Base; path = Base.lproj/Main.storyboard; sourceTree = "<group>"; };
		D6F3BD851E23535D0072C369 /* Assets.xcassets */ = {isa = PBXFileReference; lastKnownFileType = folder.assetcatalog; path = Assets.xcassets; sourceTree = "<group>"; };
		D6F3BD881E23535D0072C369 /* Base */ = {isa = PBXFileReference; lastKnownFileType = file.storyboard; name = Base; path = Base.lproj/LaunchScreen.storyboard; sourceTree = "<group>"; };
		D6F3BD8A1E23535E0072C369 /* Info.plist */ = {isa = PBXFileReference; lastKnownFileType = text.plist.xml; path = Info.plist; sourceTree = "<group>"; };
		D6F3BD901E23CD320072C369 /* FIleReadTableViewController.swift */ = {isa = PBXFileReference; fileEncoding = 4; lastKnownFileType = sourcecode.swift; name = FIleReadTableViewController.swift; path = ../FIleReadTableViewController.swift; sourceTree = "<group>"; };
/* End PBXFileReference section */

/* Begin PBXFrameworksBuildPhase section */
		D6F3BD781E23535C0072C369 /* Frameworks */ = {
			isa = PBXFrameworksBuildPhase;
			buildActionMask = 2147483647;
			files = (
			);
			runOnlyForDeploymentPostprocessing = 0;
		};
/* End PBXFrameworksBuildPhase section */

/* Begin PBXGroup section */
		D655976D1E261C2E005F67E7 /* 视频播放器 */ = {
			isa = PBXGroup;
			children = (
				D655974F1E261C1E005F67E7 /* ZZPlayerView.swift */,
				D65597501E261C1E005F67E7 /* LICENSE */,
				D65597511E261C1E005F67E7 /* README.md */,
				D65597521E261C1E005F67E7 /* Constraint.swift */,
				D65597531E261C1E005F67E7 /* ConstraintAttributes.swift */,
				D65597541E261C1E005F67E7 /* ConstraintDescription.swift */,
				D65597551E261C1E005F67E7 /* ConstraintItem.swift */,
				D65597561E261C1E005F67E7 /* ConstraintMaker.swift */,
				D65597571E261C1E005F67E7 /* ConstraintRelation.swift */,
				D65597581E261C1E005F67E7 /* Debugging.swift */,
				D65597591E261C1E005F67E7 /* EdgeInsets.swift */,
				D655975A1E261C1E005F67E7 /* LayoutConstraint.swift */,
				D655975B1E261C1E005F67E7 /* SnapKit.swift */,
				D655975C1E261C1E005F67E7 /* View+SnapKit.swift */,
				D655975D1E261C1E005F67E7 /* ViewController+SnapKit.swift */,
			);
			name = "视频播放器";
			sourceTree = "<group>";
		};
		D6F3BD721E23535C0072C369 = {
			isa = PBXGroup;
			children = (
				D65597701E261CE5005F67E7 /* FileReadFromiTunes-Bridging-Header.h */,
				D65597711E261CE6005F67E7 /* MBProgressHUD.h */,
				D65597721E261CE6005F67E7 /* MBProgressHUD.m */,
				D655976D1E261C2E005F67E7 /* 视频播放器 */,
				D655974D1E261B2C005F67E7 /* AgainbofangshipinViewController.swift */,
				D655974B1E25F84F005F67E7 /* PlayVideofromfileViewController.swift */,
				D6F3BD7D1E23535C0072C369 /* FileReadFromiTunes */,
				D6F3BD7C1E23535C0072C369 /* Products */,
			);
			sourceTree = "<group>";
		};
		D6F3BD7C1E23535C0072C369 /* Products */ = {
			isa = PBXGroup;
			children = (
				D6F3BD7B1E23535C0072C369 /* FileReadFromiTunes.app */,
			);
			name = Products;
			sourceTree = "<group>";
		};
		D6F3BD7D1E23535C0072C369 /* FileReadFromiTunes */ = {
			isa = PBXGroup;
			children = (
				D6F3BD7E1E23535C0072C369 /* AppDelegate.swift */,
				D6F3BD801E23535C0072C369 /* ViewController.swift */,
				D6F3BD821E23535D0072C369 /* Main.storyboard */,
				D6F3BD901E23CD320072C369 /* FIleReadTableViewController.swift */,
				D68D04991E246025000E186E /* FileVideoTableViewController.swift */,
				D6F3BD851E23535D0072C369 /* Assets.xcassets */,
				D6F3BD871E23535D0072C369 /* LaunchScreen.storyboard */,
				D6F3BD8A1E23535E0072C369 /* Info.plist */,
			);
			path = FileReadFromiTunes;
			sourceTree = "<group>";
		};
/* End PBXGroup section */

/* Begin PBXNativeTarget section */
		D6F3BD7A1E23535C0072C369 /* FileReadFromiTunes */ = {
			isa = PBXNativeTarget;
			buildConfigurationList = D6F3BD8D1E23535E0072C369 /* Build configuration list for PBXNativeTarget "FileReadFromiTunes" */;
			buildPhases = (
				D6F3BD771E23535C0072C369 /* Sources */,
				D6F3BD781E23535C0072C369 /* Frameworks */,
				D6F3BD791E23535C0072C369 /* Resources */,
			);
			buildRules = (
			);
			dependencies = (
			);
			name = FileReadFromiTunes;
			productName = FileReadFromiTunes;
			productReference = D6F3BD7B1E23535C0072C369 /* FileReadFromiTunes.app */;
			productType = "com.apple.product-type.application";
		};
/* End PBXNativeTarget section */

/* Begin PBXProject section */
		D6F3BD731E23535C0072C369 /* Project object */ = {
			isa = PBXProject;
			attributes = {
				LastSwiftUpdateCheck = 0820;
				LastUpgradeCheck = 0820;
				ORGANIZATIONNAME = "张子豪";
				TargetAttributes = {
					D6F3BD7A1E23535C0072C369 = {
						CreatedOnToolsVersion = 8.2.1;
						DevelopmentTeam = E5VG453CHM;
						LastSwiftMigration = 0820;
						ProvisioningStyle = Automatic;
					};
				};
			};
			buildConfigurationList = D6F3BD761E23535C0072C369 /* Build configuration list for PBXProject "FileReadFromiTunes" */;
			compatibilityVersion = "Xcode 3.2";
			developmentRegion = English;
			hasScannedForEncodings = 0;
			knownRegions = (
				en,
				Base,
			);
			mainGroup = D6F3BD721E23535C0072C369;
			productRefGroup = D6F3BD7C1E23535C0072C369 /* Products */;
			projectDirPath = "";
			projectRoot = "";
			targets = (
				D6F3BD7A1E23535C0072C369 /* FileReadFromiTunes */,
			);
		};
/* End PBXProject section */

/* Begin PBXResourcesBuildPhase section */
		D6F3BD791E23535C0072C369 /* Resources */ = {
			isa = PBXResourcesBuildPhase;
			buildActionMask = 2147483647;
			files = (
				D6F3BD891E23535D0072C369 /* LaunchScreen.storyboard in Resources */,
				D6F3BD861E23535D0072C369 /* Assets.xcassets in Resources */,
				D655975F1E261C1E005F67E7 /* LICENSE in Resources */,
				D6F3BD841E23535D0072C369 /* Main.storyboard in Resources */,
			);
			runOnlyForDeploymentPostprocessing = 0;
		};
/* End PBXResourcesBuildPhase section */

/* Begin PBXSourcesBuildPhase section */
		D6F3BD771E23535C0072C369 /* Sources */ = {
			isa = PBXSourcesBuildPhase;
			buildActionMask = 2147483647;
			files = (
				D65597611E261C1E005F67E7 /* Constraint.swift in Sources */,
				D6F3BD811E23535C0072C369 /* ViewController.swift in Sources */,
				D655974C1E25F84F005F67E7 /* PlayVideofromfileViewController.swift in Sources */,
				D655976C1E261C1E005F67E7 /* ViewController+SnapKit.swift in Sources */,
				D65597621E261C1E005F67E7 /* ConstraintAttributes.swift in Sources */,
				D655975E1E261C1E005F67E7 /* ZZPlayerView.swift in Sources */,
				D6F3BD7F1E23535C0072C369 /* AppDelegate.swift in Sources */,
				D65597681E261C1E005F67E7 /* EdgeInsets.swift in Sources */,
				D6F3BD911E23CD320072C369 /* FIleReadTableViewController.swift in Sources */,
				D65597671E261C1E005F67E7 /* Debugging.swift in Sources */,
				D68D049A1E246025000E186E /* FileVideoTableViewController.swift in Sources */,
				D655976A1E261C1E005F67E7 /* SnapKit.swift in Sources */,
				D655976B1E261C1E005F67E7 /* View+SnapKit.swift in Sources */,
				D65597601E261C1E005F67E7 /* README.md in Sources */,
				D65597731E261CE6005F67E7 /* MBProgressHUD.m in Sources */,
				D655974E1E261B2C005F67E7 /* AgainbofangshipinViewController.swift in Sources */,
				D65597661E261C1E005F67E7 /* ConstraintRelation.swift in Sources */,
				D65597651E261C1E005F67E7 /* ConstraintMaker.swift in Sources */,
				D65597691E261C1E005F67E7 /* LayoutConstraint.swift in Sources */,
				D65597631E261C1E005F67E7 /* ConstraintDescription.swift in Sources */,
				D65597641E261C1E005F67E7 /* ConstraintItem.swift in Sources */,
			);
			runOnlyForDeploymentPostprocessing = 0;
		};
/* End PBXSourcesBuildPhase section */

/* Begin PBXVariantGroup section */
		D6F3BD821E23535D0072C369 /* Main.storyboard */ = {
			isa = PBXVariantGroup;
			children = (
				D6F3BD831E23535D0072C369 /* Base */,
			);
			name = Main.storyboard;
			sourceTree = "<group>";
		};
		D6F3BD871E23535D0072C369 /* LaunchScreen.storyboard */ = {
			isa = PBXVariantGroup;
			children = (
				D6F3BD881E23535D0072C369 /* Base */,
			);
			name = LaunchScreen.storyboard;
			sourceTree = "<group>";
		};
/* End PBXVariantGroup section */

/* Begin XCBuildConfiguration section */
		D6F3BD8B1E23535E0072C369 /* Debug */ = {
			isa = XCBuildConfiguration;
			buildSettings = {
				ALWAYS_SEARCH_USER_PATHS = NO;
				CLANG_ANALYZER_NONNULL = YES;
				CLANG_CXX_LANGUAGE_STANDARD = "gnu++0x";
				CLANG_CXX_LIBRARY = "libc++";
				CLANG_ENABLE_MODULES = YES;
				CLANG_ENABLE_OBJC_ARC = YES;
				CLANG_WARN_BOOL_CONVERSION = YES;
				CLANG_WARN_CONSTANT_CONVERSION = YES;
				CLANG_WARN_DIRECT_OBJC_ISA_USAGE = YES_ERROR;
				CLANG_WARN_DOCUMENTATION_COMMENTS = YES;
				CLANG_WARN_EMPTY_BODY = YES;
				CLANG_WARN_ENUM_CONVERSION = YES;
				CLANG_WARN_INFINITE_RECURSION = YES;
				CLANG_WARN_INT_CONVERSION = YES;
				CLANG_WARN_OBJC_ROOT_CLASS = YES_ERROR;
				CLANG_WARN_SUSPICIOUS_MOVE = YES;
				CLANG_WARN_UNREACHABLE_CODE = YES;
				CLANG_WARN__DUPLICATE_METHOD_MATCH = YES;
				"CODE_SIGN_IDENTITY[sdk=iphoneos*]" = "iPhone Developer";
				COPY_PHASE_STRIP = NO;
				DEBUG_INFORMATION_FORMAT = dwarf;
				ENABLE_STRICT_OBJC_MSGSEND = YES;
				ENABLE_TESTABILITY = YES;
				GCC_C_LANGUAGE_STANDARD = gnu99;
				GCC_DYNAMIC_NO_PIC = NO;
				GCC_NO_COMMON_BLOCKS = YES;
				GCC_OPTIMIZATION_LEVEL = 0;
				GCC_PREPROCESSOR_DEFINITIONS = (
					"DEBUG=1",
					"$(inherited)",
				);
				GCC_WARN_64_TO_32_BIT_CONVERSION = YES;
				GCC_WARN_ABOUT_RETURN_TYPE = YES_ERROR;
				GCC_WARN_UNDECLARED_SELECTOR = YES;
				GCC_WARN_UNINITIALIZED_AUTOS = YES_AGGRESSIVE;
				GCC_WARN_UNUSED_FUNCTION = YES;
				GCC_WARN_UNUSED_VARIABLE = YES;
				IPHONEOS_DEPLOYMENT_TARGET = 10.2;
				MTL_ENABLE_DEBUG_INFO = YES;
				ONLY_ACTIVE_ARCH = YES;
				SDKROOT = iphoneos;
				SWIFT_ACTIVE_COMPILATION_CONDITIONS = DEBUG;
				SWIFT_OPTIMIZATION_LEVEL = "-Onone";
				TARGETED_DEVICE_FAMILY = "1,2";
			};
			name = Debug;
		};
		D6F3BD8C1E23535E0072C369 /* Release */ = {
			isa = XCBuildConfiguration;
			buildSettings = {
				ALWAYS_SEARCH_USER_PATHS = NO;
				CLANG_ANALYZER_NONNULL = YES;
				CLANG_CXX_LANGUAGE_STANDARD = "gnu++0x";
				CLANG_CXX_LIBRARY = "libc++";
				CLANG_ENABLE_MODULES = YES;
				CLANG_ENABLE_OBJC_ARC = YES;
				CLANG_WARN_BOOL_CONVERSION = YES;
				CLANG_WARN_CONSTANT_CONVERSION = YES;
				CLANG_WARN_DIRECT_OBJC_ISA_USAGE = YES_ERROR;
				CLANG_WARN_DOCUMENTATION_COMMENTS = YES;
				CLANG_WARN_EMPTY_BODY = YES;
				CLANG_WARN_ENUM_CONVERSION = YES;
				CLANG_WARN_INFINITE_RECURSION = YES;
				CLANG_WARN_INT_CONVERSION = YES;
				CLANG_WARN_OBJC_ROOT_CLASS = YES_ERROR;
				CLANG_WARN_SUSPICIOUS_MOVE = YES;
				CLANG_WARN_UNREACHABLE_CODE = YES;
				CLANG_WARN__DUPLICATE_METHOD_MATCH = YES;
				"CODE_SIGN_IDENTITY[sdk=iphoneos*]" = "iPhone Developer";
				COPY_PHASE_STRIP = NO;
				DEBUG_INFORMATION_FORMAT = "dwarf-with-dsym";
				ENABLE_NS_ASSERTIONS = NO;
				ENABLE_STRICT_OBJC_MSGSEND = YES;
				GCC_C_LANGUAGE_STANDARD = gnu99;
				GCC_NO_COMMON_BLOCKS = YES;
				GCC_WARN_64_TO_32_BIT_CONVERSION = YES;
				GCC_WARN_ABOUT_RETURN_TYPE = YES_ERROR;
				GCC_WARN_UNDECLARED_SELECTOR = YES;
				GCC_WARN_UNINITIALIZED_AUTOS = YES_AGGRESSIVE;
				GCC_WARN_UNUSED_FUNCTION = YES;
				GCC_WARN_UNUSED_VARIABLE = YES;
				IPHONEOS_DEPLOYMENT_TARGET = 10.2;
				MTL_ENABLE_DEBUG_INFO = NO;
				SDKROOT = iphoneos;
				SWIFT_OPTIMIZATION_LEVEL = "-Owholemodule";
				TARGETED_DEVICE_FAMILY = "1,2";
				VALIDATE_PRODUCT = YES;
			};
			name = Release;
		};
		D6F3BD8E1E23535E0072C369 /* Debug */ = {
			isa = XCBuildConfiguration;
			buildSettings = {
				ASSETCATALOG_COMPILER_APPICON_NAME = AppIcon;
				CLANG_ENABLE_MODULES = YES;
				DEVELOPMENT_TEAM = E5VG453CHM;
				INFOPLIST_FILE = FileReadFromiTunes/Info.plist;
				LD_RUNPATH_SEARCH_PATHS = "$(inherited) @executable_path/Frameworks";
				PRODUCT_BUNDLE_IDENTIFIER = com.zhangqian.FileReadFromiTunes;
				PRODUCT_NAME = "$(TARGET_NAME)";
				SWIFT_OBJC_BRIDGING_HEADER = "FileReadFromiTunes-Bridging-Header.h";
				SWIFT_OPTIMIZATION_LEVEL = "-Onone";
				SWIFT_VERSION = 3.0;
			};
			name = Debug;
		};
		D6F3BD8F1E23535E0072C369 /* Release */ = {
			isa = XCBuildConfiguration;
			buildSettings = {
				ASSETCATALOG_COMPILER_APPICON_NAME = AppIcon;
				CLANG_ENABLE_MODULES = YES;
				DEVELOPMENT_TEAM = E5VG453CHM;
				INFOPLIST_FILE = FileReadFromiTunes/Info.plist;
				LD_RUNPATH_SEARCH_PATHS = "$(inherited) @executable_path/Frameworks";
				PRODUCT_BUNDLE_IDENTIFIER = com.zhangqian.FileReadFromiTunes;
				PRODUCT_NAME = "$(TARGET_NAME)";
				SWIFT_OBJC_BRIDGING_HEADER = "FileReadFromiTunes-Bridging-Header.h";
				SWIFT_VERSION = 3.0;
			};
			name = Release;
		};
/* End XCBuildConfiguration section */

/* Begin XCConfigurationList section */
		D6F3BD761E23535C0072C369 /* Build configuration list for PBXProject "FileReadFromiTunes" */ = {
			isa = XCConfigurationList;
			buildConfigurations = (
				D6F3BD8B1E23535E0072C369 /* Debug */,
				D6F3BD8C1E23535E0072C369 /* Release */,
			);
			defaultConfigurationIsVisible = 0;
			defaultConfigurationName = Release;
		};
		D6F3BD8D1E23535E0072C369 /* Build configuration list for PBXNativeTarget "FileReadFromiTunes" */ = {
			isa = XCConfigurationList;
			buildConfigurations = (
				D6F3BD8E1E23535E0072C369 /* Debug */,
				D6F3BD8F1E23535E0072C369 /* Release */,
			);
			defaultConfigurationIsVisible = 0;
			defaultConfigurationName = Release;
		};
/* End XCConfigurationList section */
	};
	rootObject = D6F3BD731E23535C0072C369 /* Project object */;
}
